<?xml version="1.0" encoding="utf-8"?>
<Project ToolsVersion="4.0" xmlns="http://schemas.microsoft.com/developer/msbuild/2003">
  <ItemGroup>
    <Filter Include="Source Files">
      <UniqueIdentifier>{4FC737F1-C7A5-4376-A066-2A32D752A2FF}</UniqueIdentifier>
      <Extensions>cpp;c;cc;cxx;def;odl;idl;hpj;bat;asm;asmx</Extensions>
    </Filter>
    <Filter Include="Header Files">
      <UniqueIdentifier>{93995380-89BD-4b04-88EB-625FBE52EBFB}</UniqueIdentifier>
      <Extensions>h;hh;hpp;hxx;hm;inl;inc;xsd</Extensions>
    </Filter>
    <Filter Include="Resource Files">
      <UniqueIdentifier>{67DA6AB6-F800-4c08-8B7A-83BB121AAD01}</UniqueIdentifier>
      <Extensions>rc;ico;cur;bmp;dlg;rc2;rct;bin;rgs;gif;jpg;jpeg;jpe;resx;tiff;tif;png;wav;mfcribbon-ms</Extensions>
    </Filter>
    <Filter Include="MapReader">
      <UniqueIdentifier>{3f9099c6-2f4c-40c7-8705-04db046e751a}</UniqueIdentifier>
    </Filter>
    <Filter Include="Game Components">
      <UniqueIdentifier>{3534e14c-5dbd-4975-ba3f-d72a2fadf975}</UniqueIdentifier>
    </Filter>
    <Filter Include="Game Controllers">
      <UniqueIdentifier>{f0cd0472-35d3-41fb-b6ba-3940521c4202}</UniqueIdentifier>
    </Filter>
    <Filter Include="Scenes">
      <UniqueIdentifier>{43e9c16e-3f9b-4027-80a8-bdfc59f703a6}</UniqueIdentifier>
    </Filter>
  </ItemGroup>
  <ItemGroup>
    <ClInclude Include="KeyEventHandler.h">
      <Filter>Header Files</Filter>
    </ClInclude>
    <ClInclude Include="Animations.h">
      <Filter>Header Files</Filter>
    </ClInclude>
    <ClInclude Include="PlayScence.h">
      <Filter>Header Files</Filter>
    </ClInclude>
    <ClInclude Include="Scence.h">
      <Filter>Header Files</Filter>
    </ClInclude>
    <ClInclude Include="Utils.h">
      <Filter>Header Files</Filter>
    </ClInclude>
    <ClInclude Include="tinystr.h">
      <Filter>MapReader</Filter>
    </ClInclude>
    <ClInclude Include="tinyxml.h">
      <Filter>MapReader</Filter>
    </ClInclude>
    <ClInclude Include="Game.h">
      <Filter>Header Files</Filter>
    </ClInclude>
    <ClInclude Include="GameObject.h">
      <Filter>Header Files</Filter>
    </ClInclude>
    <ClInclude Include="Textures.h">
      <Filter>Header Files</Filter>
    </ClInclude>
    <ClInclude Include="Sprites.h">
      <Filter>Header Files</Filter>
    </ClInclude>
    <ClInclude Include="Gimmick.h">
      <Filter>Header Files</Filter>
    </ClInclude>
    <ClInclude Include="Tile.h">
      <Filter>Header Files</Filter>
    </ClInclude>
    <ClInclude Include="TileMap.h">
      <Filter>Header Files</Filter>
    </ClInclude>
    <ClInclude Include="Camera.h">
      <Filter>Header Files</Filter>
    </ClInclude>
    <ClInclude Include="SceneManager.h">
      <Filter>Header Files</Filter>
    </ClInclude>
    <ClInclude Include="Player.h">
      <Filter>Header Files</Filter>
    </ClInclude>
    <ClInclude Include="Node.h">
      <Filter>Header Files</Filter>
    </ClInclude>
    <ClInclude Include="QuadTree.h">
      <Filter>Header Files</Filter>
    </ClInclude>
    <ClInclude Include="StaticObjects\Ground.h">
      <Filter>Header Files</Filter>
    </ClInclude>
    <ClInclude Include="StaticObjects\Elevator.h">
      <Filter>Header Files</Filter>
    </ClInclude>
    <ClInclude Include="StaticObjects\StaticObject.h">
      <Filter>Header Files</Filter>
    </ClInclude>
    <ClInclude Include="StaticObjects\MStair.h">
      <Filter>Header Files</Filter>
    </ClInclude>
    <ClInclude Include="StaticObjects\Hill.h">
      <Filter>Header Files</Filter>
    </ClInclude>
    <ClInclude Include="ScorePanel\ScorePanel.h">
      <Filter>Header Files</Filter>
    </ClInclude>
    <ClInclude Include="Items\Jar.h">
      <Filter>Header Files</Filter>
    </ClInclude>
    <ClInclude Include="Items\Item.h">
      <Filter>Header Files</Filter>
    </ClInclude>
    <ClInclude Include="Items\BigPrize.h">
      <Filter>Header Files</Filter>
    </ClInclude>
    <ClInclude Include="Enemies\Enemy.h">
      <Filter>Header Files</Filter>
    </ClInclude>
    <ClInclude Include="Enemies\SmallBlackBug.h">
      <Filter>Header Files</Filter>
    </ClInclude>
    <ClInclude Include="Enemies\PinkWorm.h">
      <Filter>Header Files</Filter>
    </ClInclude>
    <ClInclude Include="Enemies\SmallBlackBugWithAntena.h">
      <Filter>Header Files</Filter>
    </ClInclude>
    <ClInclude Include="Enemies\Turtle.h">
      <Filter>Header Files</Filter>
    </ClInclude>
    <ClInclude Include="Enemies\LongNeckedBird.h">
      <Filter>Header Files</Filter>
    </ClInclude>
    <ClInclude Include="Enemies\GreenFatStuff.h">
      <Filter>Header Files</Filter>
    </ClInclude>
    <ClInclude Include="DynamicObjects\DynamicObject.h">
      <Filter>Header Files</Filter>
    </ClInclude>
    <ClInclude Include="DynamicObjects\HangingMachine.h">
      <Filter>Header Files</Filter>
    </ClInclude>
    <ClInclude Include="DynamicObjects\GunMachine.h">
      <Filter>Header Files</Filter>
    </ClInclude>
    <ClInclude Include="DynamicObjects\Shell.h">
      <Filter>Header Files</Filter>
    </ClInclude>
    <ClInclude Include="DynamicObjects\WheelGunMachine.h">
      <Filter>Header Files</Filter>
    </ClInclude>
    <ClInclude Include="DynamicObjects\Boat.h">
      <Filter>Header Files</Filter>
    </ClInclude>
    <ClInclude Include="DynamicObjects\HangingElevator.h">
      <Filter>Header Files</Filter>
    </ClInclude>
    <ClInclude Include="Enemies\Bosses\Boss.h">
      <Filter>Header Files</Filter>
    </ClInclude>
    <ClInclude Include="Enemies\Bosses\GiantBlackBug.h">
      <Filter>Header Files</Filter>
    </ClInclude>
    <ClInclude Include="Enemies\Bosses\BrownStuff.h">
      <Filter>Header Files</Filter>
    </ClInclude>
    <ClInclude Include="Enemies\Utility\JumpingCommandBox.h">
      <Filter>Header Files</Filter>
    </ClInclude>
    <ClInclude Include="StaticObjects\Pipe.h">
      <Filter>Header Files</Filter>
    </ClInclude>
    <ClInclude Include="StaticObjects\Portal.h">
      <Filter>Header Files</Filter>
    </ClInclude>
    <ClInclude Include="StaticObjects\Window.h">
      <Filter>Header Files</Filter>
    </ClInclude>
    <ClInclude Include="DynamicObjects\WindowThrowingShell.h">
      <Filter>Header Files</Filter>
    </ClInclude>
    <ClInclude Include="Enemies\Bosses\BlackMan.h">
      <Filter>Header Files</Filter>
    </ClInclude>
  </ItemGroup>
  <ItemGroup>
    <ClCompile Include="Animations.cpp">
      <Filter>Source Files</Filter>
    </ClCompile>
    <ClCompile Include="main.cpp">
      <Filter>Source Files</Filter>
    </ClCompile>
    <ClCompile Include="PlayScence.cpp">
      <Filter>Source Files</Filter>
    </ClCompile>
    <ClCompile Include="Scence.cpp">
      <Filter>Source Files</Filter>
    </ClCompile>
    <ClCompile Include="tinyxmlparser.cpp">
      <Filter>Source Files</Filter>
    </ClCompile>
    <ClCompile Include="Utils.cpp">
      <Filter>Source Files</Filter>
    </ClCompile>
    <ClCompile Include="tinystr.cpp">
      <Filter>MapReader</Filter>
    </ClCompile>
    <ClCompile Include="tinyxml.cpp">
      <Filter>MapReader</Filter>
    </ClCompile>
    <ClCompile Include="tinyxmlerror.cpp">
      <Filter>MapReader</Filter>
    </ClCompile>
    <ClCompile Include="Game.cpp">
      <Filter>Source Files</Filter>
    </ClCompile>
    <ClCompile Include="GameObject.cpp">
      <Filter>Source Files</Filter>
    </ClCompile>
    <ClCompile Include="Textures.cpp">
      <Filter>Source Files</Filter>
    </ClCompile>
    <ClCompile Include="Sprites.cpp">
      <Filter>Source Files</Filter>
    </ClCompile>
    <ClCompile Include="Gimmick.cpp">
      <Filter>Source Files</Filter>
    </ClCompile>
    <ClCompile Include="Tile.cpp">
      <Filter>Source Files</Filter>
    </ClCompile>
    <ClCompile Include="TileMap.cpp">
      <Filter>Source Files</Filter>
    </ClCompile>
    <ClCompile Include="Camera.cpp">
      <Filter>Source Files</Filter>
    </ClCompile>
    <ClCompile Include="SceneManager.cpp">
      <Filter>Source Files</Filter>
    </ClCompile>
    <ClCompile Include="Player.cpp">
      <Filter>Source Files</Filter>
    </ClCompile>
    <ClCompile Include="Node.cpp">
      <Filter>Source Files</Filter>
    </ClCompile>
    <ClCompile Include="QuadTree.cpp">
      <Filter>Source Files</Filter>
    </ClCompile>
    <ClCompile Include="StaticObjects\Ground.cpp">
      <Filter>Source Files</Filter>
    </ClCompile>
    <ClCompile Include="StaticObjects\Elevator.cpp">
      <Filter>Source Files</Filter>
    </ClCompile>
    <ClCompile Include="StaticObjects\StaticObject.cpp">
      <Filter>Source Files</Filter>
    </ClCompile>
    <ClCompile Include="StaticObjects\MStair.cpp">
      <Filter>Source Files</Filter>
    </ClCompile>
    <ClCompile Include="StaticObjects\Hill.cpp">
      <Filter>Source Files</Filter>
    </ClCompile>
    <ClCompile Include="ScorePanel\ScorePanel.cpp">
      <Filter>Source Files</Filter>
    </ClCompile>
    <ClCompile Include="Items\Jar.cpp">
      <Filter>Source Files</Filter>
    </ClCompile>
    <ClCompile Include="Items\Item.cpp">
      <Filter>Source Files</Filter>
    </ClCompile>
    <ClCompile Include="Items\BigPrize.cpp">
      <Filter>Source Files</Filter>
    </ClCompile>
    <ClCompile Include="Enemies\Enemy.cpp">
      <Filter>Source Files</Filter>
    </ClCompile>
    <ClCompile Include="Enemies\SmallBlackBug.cpp">
      <Filter>Source Files</Filter>
    </ClCompile>
    <ClCompile Include="Enemies\PinkWorm.cpp">
      <Filter>Source Files</Filter>
    </ClCompile>
    <ClCompile Include="Enemies\SmallBlackBugWithAntena.cpp">
      <Filter>Source Files</Filter>
    </ClCompile>
    <ClCompile Include="Enemies\Turtle.cpp">
      <Filter>Source Files</Filter>
    </ClCompile>
    <ClCompile Include="Enemies\LongNeckedBird.cpp">
      <Filter>Source Files</Filter>
    </ClCompile>
    <ClCompile Include="Enemies\GreenFatStuff.cpp">
      <Filter>Source Files</Filter>
    </ClCompile>
    <ClCompile Include="DynamicObjects\DynamicObject.cpp">
      <Filter>Source Files</Filter>
    </ClCompile>
    <ClCompile Include="DynamicObjects\HangingMachine.cpp">
      <Filter>Source Files</Filter>
    </ClCompile>
    <ClCompile Include="DynamicObjects\GunMachine.cpp">
      <Filter>Source Files</Filter>
    </ClCompile>
    <ClCompile Include="DynamicObjects\Shell.cpp">
      <Filter>Source Files</Filter>
    </ClCompile>
    <ClCompile Include="DynamicObjects\WheelGunMachine.cpp">
      <Filter>Source Files</Filter>
    </ClCompile>
    <ClCompile Include="DynamicObjects\Boat.cpp">
      <Filter>Source Files</Filter>
    </ClCompile>
    <ClCompile Include="DynamicObjects\HangingElevator.cpp">
      <Filter>Source Files</Filter>
    </ClCompile>
    <ClCompile Include="Enemies\Bosses\Boss.cpp">
      <Filter>Source Files</Filter>
    </ClCompile>
    <ClCompile Include="Enemies\Bosses\GiantBlackBug.cpp">
      <Filter>Source Files</Filter>
    </ClCompile>
    <ClCompile Include="Enemies\Bosses\BrownStuff.cpp">
      <Filter>Source Files</Filter>
    </ClCompile>
    <ClCompile Include="Enemies\Utility\JumpingCommandBox.cpp">
      <Filter>Source Files</Filter>
    </ClCompile>
    <ClCompile Include="StaticObjects\Pipe.cpp">
      <Filter>Source Files</Filter>
    </ClCompile>
    <ClCompile Include="StaticObjects\Portal.cpp">
      <Filter>Source Files</Filter>
    </ClCompile>
    <ClCompile Include="StaticObjects\Window.cpp">
      <Filter>Source Files</Filter>
    </ClCompile>
    <ClCompile Include="DynamicObjects\WindowThrowingShell.cpp">
      <Filter>Source Files</Filter>
    </ClCompile>
    <ClCompile Include="Enemies\Bosses\BlackMan.cpp">
      <Filter>Source Files</Filter>
    </ClCompile>
  </ItemGroup>
  <ItemGroup>
    <None Include="MrGimmickVipPro.aps" />
  </ItemGroup>
  <ItemGroup>
    <Text Include="Map.txt" />
    <Text Include="..\..\..\Downloads\Map - Copy.txt" />
    <Text Include="..\..\..\Downloads\Map.txt" />
    <Text Include="Assets\Texts\map2\scene1\scene.txt" />
    <Text Include="Assets\Texts\map2\scene5\scene.txt" />
    <Text Include="Assets\Texts\map2\scene4\scene.txt" />
    <Text Include="Assets\Texts\map2\scene3\scene.txt" />
    <Text Include="Assets\Texts\map2\scene2\scene.txt" />
    <Text Include="Assets\Texts\map2\scene6\scene.txt" />
    <Text Include="Assets\Texts\map2\scene7\scene.txt" />
  </ItemGroup>
</Project>